
Microsoft Visual Studio Solution File, Format Version 12.00
# Visual Studio Version 17
VisualStudioVersion = 17.6.33829.357
MinimumVisualStudioVersion = 10.0.40219.1
Project("{9A19103F-16F7-4668-BE54-9A1E7A4F7556}") = "Progect_WebApi", "Progect_WebApi\Progect_WebApi.csproj", "{791E93EC-0A06-43BE-9954-3D726CDB38BA}"
EndProject
Project("{9A19103F-16F7-4668-BE54-9A1E7A4F7556}") = "Repository", "Repository\Repository.csproj", "{A422DAC3-ABD5-4090-BF00-DBD9DF115F57}"
EndProject
Project("{9A19103F-16F7-4668-BE54-9A1E7A4F7556}") = "Service", "Service\Service.csproj", "{D4A8B540-F297-47DF-B78B-4D99C8B1DBE8}"
EndProject
Project("{9A19103F-16F7-4668-BE54-9A1E7A4F7556}") = "Commont", "Commont\Commont.csproj", "{44A51F6F-9B23-4274-B551-DF47947F7CE4}"
EndProject
Project("{9A19103F-16F7-4668-BE54-9A1E7A4F7556}") = "DataContext", "DataContext\DataContext.csproj", "{EA9B4CEB-67FB-4338-9B27-4315B5FEACD6}"
EndProject
Global
	GlobalSection(SolutionConfigurationPlatforms) = preSolution
		Debug|Any CPU = Debug|Any CPU
		Release|Any CPU = Release|Any CPU
	EndGlobalSection
	GlobalSection(ProjectConfigurationPlatforms) = postSolution
		{791E93EC-0A06-43BE-9954-3D726CDB38BA}.Debug|Any CPU.ActiveCfg = Debug|Any CPU
		{791E93EC-0A06-43BE-9954-3D726CDB38BA}.Debug|Any CPU.Build.0 = Debug|Any CPU
		{791E93EC-0A06-43BE-9954-3D726CDB38BA}.Release|Any CPU.ActiveCfg = Release|Any CPU
		{791E93EC-0A06-43BE-9954-3D726CDB38BA}.Release|Any CPU.Build.0 = Release|Any CPU
		{A422DAC3-ABD5-4090-BF00-DBD9DF115F57}.Debug|Any CPU.ActiveCfg = Debug|Any CPU
		{A422DAC3-ABD5-4090-BF00-DBD9DF115F57}.Debug|Any CPU.Build.0 = Debug|Any CPU
		{A422DAC3-ABD5-4090-BF00-DBD9DF115F57}.Release|Any CPU.ActiveCfg = Release|Any CPU
		{A422DAC3-ABD5-4090-BF00-DBD9DF115F57}.Release|Any CPU.Build.0 = Release|Any CPU
		{D4A8B540-F297-47DF-B78B-4D99C8B1DBE8}.Debug|Any CPU.ActiveCfg = Debug|Any CPU
		{D4A8B540-F297-47DF-B78B-4D99C8B1DBE8}.Debug|Any CPU.Build.0 = Debug|Any CPU
		{D4A8B540-F297-47DF-B78B-4D99C8B1DBE8}.Release|Any CPU.ActiveCfg = Release|Any CPU
		{D4A8B540-F297-47DF-B78B-4D99C8B1DBE8}.Release|Any CPU.Build.0 = Release|Any CPU
		{44A51F6F-9B23-4274-B551-DF47947F7CE4}.Debug|Any CPU.ActiveCfg = Debug|Any CPU
		{44A51F6F-9B23-4274-B551-DF47947F7CE4}.Debug|Any CPU.Build.0 = Debug|Any CPU
		{44A51F6F-9B23-4274-B551-DF47947F7CE4}.Release|Any CPU.ActiveCfg = Release|Any CPU
		{44A51F6F-9B23-4274-B551-DF47947F7CE4}.Release|Any CPU.Build.0 = Release|Any CPU
		{EA9B4CEB-67FB-4338-9B27-4315B5FEACD6}.Debug|Any CPU.ActiveCfg = Debug|Any CPU
		{EA9B4CEB-67FB-4338-9B27-4315B5FEACD6}.Debug|Any CPU.Build.0 = Debug|Any CPU
		{EA9B4CEB-67FB-4338-9B27-4315B5FEACD6}.Release|Any CPU.ActiveCfg = Release|Any CPU
		{EA9B4CEB-67FB-4338-9B27-4315B5FEACD6}.Release|Any CPU.Build.0 = Release|Any CPU
	EndGlobalSection
	GlobalSection(SolutionProperties) = preSolution
		HideSolutionNode = FALSE
	EndGlobalSection
	GlobalSection(ExtensibilityGlobals) = postSolution
		SolutionGuid = {20693E2F-DEEE-449C-A948-C83AD507D62E}
	EndGlobalSection
EndGlobal
